{
  "name": "template-svelte-app",
  "lockfileVersion": 3,
  "requires": true,
  "packages": {
    "": {
      "dependencies": {
        "svelte-common": "^6.19.33",
        "svelte-guard-history-router": "^6.1.2",
        "svelte-session-manager": "^3.0.55"
      }
    },
    "node_modules/@jridgewell/gen-mapping": {
      "version": "0.3.13",
      "resolved": "https://registry.npmjs.org/@jridgewell/gen-mapping/-/gen-mapping-0.3.13.tgz",
      "integrity": "sha512-2kkt/7niJ6MgEPxF0bYdQ6etZaA+fQvDcLKckhy1yIQOzaoKjBBjSj63/aLVjYE3qhRt5dvM+uUyfCg6UKCBbA==",
      "license": "MIT",
      "peer": true,
      "dependencies": {
        "@jridgewell/sourcemap-codec": "^1.5.0",
        "@jridgewell/trace-mapping": "^0.3.24"
      }
    },
    "node_modules/@jridgewell/remapping": {
      "version": "2.3.5",
      "resolved": "https://registry.npmjs.org/@jridgewell/remapping/-/remapping-2.3.5.tgz",
      "integrity": "sha512-LI9u/+laYG4Ds1TDKSJW2YPrIlcVYOwi2fUC6xB43lueCjgxV4lffOCZCtYFiH6TNOX+tQKXx97T4IKHbhyHEQ==",
      "license": "MIT",
      "peer": true,
      "dependencies": {
        "@jridgewell/gen-mapping": "^0.3.5",
        "@jridgewell/trace-mapping": "^0.3.24"
      }
    },
    "node_modules/@jridgewell/resolve-uri": {
      "version": "3.1.2",
      "resolved": "https://registry.npmjs.org/@jridgewell/resolve-uri/-/resolve-uri-3.1.2.tgz",
      "integrity": "sha512-bRISgCIjP20/tbWSPWMEi54QVPRZExkuD9lJL+UIxUKtwVJA8wW1Trb1jMs1RFXo1CBTNZ/5hpC9QvmKWdopKw==",
      "license": "MIT",
      "peer": true,
      "engines": {
        "node": ">=6.0.0"
      }
    },
    "node_modules/@jridgewell/sourcemap-codec": {
      "version": "1.5.5",
      "resolved": "https://registry.npmjs.org/@jridgewell/sourcemap-codec/-/sourcemap-codec-1.5.5.tgz",
      "integrity": "sha512-cYQ9310grqxueWbl+WuIUIaiUaDcj7WOq5fVhEljNVgRfOUhY9fy2zTvfoqWsnebh8Sl70VScFbICvJnLKB0Og==",
      "license": "MIT",
      "peer": true
    },
    "node_modules/@jridgewell/trace-mapping": {
      "version": "0.3.31",
      "resolved": "https://registry.npmjs.org/@jridgewell/trace-mapping/-/trace-mapping-0.3.31.tgz",
      "integrity": "sha512-zzNR+SdQSDJzc8joaeP8QQoCQr8NuYx2dIIytl1QeBEZHJ9uW6hebsrYgbz8hJwUQao3TWCMtmfV8Nu1twOLAw==",
      "license": "MIT",
      "peer": true,
      "dependencies": {
        "@jridgewell/resolve-uri": "^3.1.0",
        "@jridgewell/sourcemap-codec": "^1.4.14"
      }
    },
    "node_modules/@sveltejs/acorn-typescript": {
      "version": "1.0.7",
      "resolved": "https://registry.npmjs.org/@sveltejs/acorn-typescript/-/acorn-typescript-1.0.7.tgz",
      "integrity": "sha512-znp1A/Y1Jj4l/Zy7PX5DZKBE0ZNY+5QBngiE21NJkfSTyzzC5iKNWOtwFXKtIrn7MXEFBck4jD95iBNkGjK92Q==",
      "license": "MIT",
      "peer": true,
      "peerDependencies": {
        "acorn": "^8.9.0"
      }
    },
    "node_modules/@types/estree": {
      "version": "1.0.8",
      "resolved": "https://registry.npmjs.org/@types/estree/-/estree-1.0.8.tgz",
      "integrity": "sha512-dWHzHa2WqEXI/O1E9OjrocMTKJl2mSrEolh1Iomrv6U+JuNwaHXsXx9bLu5gG7BUWFIN0skIQJQ/L1rIex4X6w==",
      "license": "MIT",
      "peer": true
    },
    "node_modules/acorn": {
      "version": "8.15.0",
      "resolved": "https://registry.npmjs.org/acorn/-/acorn-8.15.0.tgz",
      "integrity": "sha512-NZyJarBfL7nWwIq+FDL6Zp/yHEhePMNnnJ0y3qfieCrmNvYct8uvtiV41UvlSe6apAfk0fY1FbWx+NwfmpvtTg==",
      "license": "MIT",
      "peer": true,
      "bin": {
        "acorn": "bin/acorn"
      },
      "engines": {
        "node": ">=0.4.0"
      }
    },
    "node_modules/aria-query": {
      "version": "5.3.2",
      "resolved": "https://registry.npmjs.org/aria-query/-/aria-query-5.3.2.tgz",
      "integrity": "sha512-COROpnaoap1E2F000S62r6A60uHZnmlvomhfyT2DlTcrY1OrBKn2UhH7qn5wTC9zMvD0AY7csdPSNwKP+7WiQw==",
      "license": "Apache-2.0",
      "peer": true,
      "engines": {
        "node": ">= 0.4"
      }
    },
    "node_modules/axobject-query": {
      "version": "4.1.0",
      "resolved": "https://registry.npmjs.org/axobject-query/-/axobject-query-4.1.0.tgz",
      "integrity": "sha512-qIj0G9wZbMGNLjLmg1PT6v2mE9AH2zlnADJD/2tC6E00hgmhUOfEB6greHPAfLRSufHqROIUTkw6E+M3lH0PTQ==",
      "license": "Apache-2.0",
      "peer": true,
      "engines": {
        "node": ">= 0.4"
      }
    },
    "node_modules/clsx": {
      "version": "2.1.1",
      "resolved": "https://registry.npmjs.org/clsx/-/clsx-2.1.1.tgz",
      "integrity": "sha512-eYm0QWBtUrBWZWG0d386OGAw16Z995PiOVo2B7bjWSbHedGl5e0ZWaq65kOGgUSNesEIDkB9ISbTg/JK9dhCZA==",
      "license": "MIT",
      "peer": true,
      "engines": {
        "node": ">=6"
      }
    },
    "node_modules/esm-env": {
      "version": "1.2.2",
      "resolved": "https://registry.npmjs.org/esm-env/-/esm-env-1.2.2.tgz",
      "integrity": "sha512-Epxrv+Nr/CaL4ZcFGPJIYLWFom+YeV1DqMLHJoEd9SYRxNbaFruBwfEX/kkHUJf55j2+TUbmDcmuilbP1TmXHA==",
      "license": "MIT",
      "peer": true
    },
    "node_modules/esrap": {
      "version": "2.1.3",
      "resolved": "https://registry.npmjs.org/esrap/-/esrap-2.1.3.tgz",
      "integrity": "sha512-T/Dhhv/QH+yYmiaLz9SA3PW+YyenlnRKDNdtlYJrSOBmNsH4nvPux+mTwx7p+wAedlJrGoZtXNI0a0MjQ2QkVg==",
      "license": "MIT",
      "peer": true,
      "dependencies": {
        "@jridgewell/sourcemap-codec": "^1.4.15"
      }
    },
    "node_modules/is-reference": {
      "version": "3.0.3",
      "resolved": "https://registry.npmjs.org/is-reference/-/is-reference-3.0.3.tgz",
      "integrity": "sha512-ixkJoqQvAP88E6wLydLGGqCJsrFUnqoH6HnaczB8XmDH1oaWU+xxdptvikTgaEhtZ53Ky6YXiBuUI2WXLMCwjw==",
      "license": "MIT",
      "peer": true,
      "dependencies": {
        "@types/estree": "^1.0.6"
      }
    },
    "node_modules/locate-character": {
      "version": "3.0.0",
      "resolved": "https://registry.npmjs.org/locate-character/-/locate-character-3.0.0.tgz",
      "integrity": "sha512-SW13ws7BjaeJ6p7Q6CO2nchbYEc3X3J6WrmTTDto7yMPqVSZTUyY5Tjbid+Ab8gLnATtygYtiDIJGQRRn2ZOiA==",
      "license": "MIT",
      "peer": true
    },
    "node_modules/magic-string": {
      "version": "0.30.21",
      "resolved": "https://registry.npmjs.org/magic-string/-/magic-string-0.30.21.tgz",
      "integrity": "sha512-vd2F4YUyEXKGcLHoq+TEyCjxueSeHnFxyyjNp80yg0XV4vUhnDer/lvvlqM/arB5bXQN5K2/3oinyCRyx8T2CQ==",
      "license": "MIT",
      "peer": true,
      "dependencies": {
        "@jridgewell/sourcemap-codec": "^1.5.5"
      }
    },
    "node_modules/mf-hosting-cloudflare": {
      "version": "1.0.9",
      "resolved": "https://registry.npmjs.org/mf-hosting-cloudflare/-/mf-hosting-cloudflare-1.0.9.tgz",
      "integrity": "sha512-xuJU+j8Q+x8dk6w8lqleKFXO3FQDi/xyABdX80ht8ddpIbnnrdDj+b59BtOHjS6hcgadJuCydmdu8k5C2s8BlA==",
      "optional": true
    },
    "node_modules/mf-hosting-frontend": {
      "version": "3.9.10",
      "resolved": "https://registry.npmjs.org/mf-hosting-frontend/-/mf-hosting-frontend-3.9.10.tgz",
      "integrity": "sha512-fm0Z5/hccOmuQbHiXg3Dj0LODRD8HfiN5TyrTBAEJje1WMrqRO8hHq/kIUx6UOcvN+hDpPyVzzJRWt1UclOkWg==",
      "optional": true
    },
    "node_modules/multi-path-matcher": {
      "version": "4.1.6",
      "resolved": "https://registry.npmjs.org/multi-path-matcher/-/multi-path-matcher-4.1.6.tgz",
      "integrity": "sha512-vNaTmCjEfhE41Lr/GyPOLAUyb+ED3k1mkIGeUpt7CZjjcgL8f909MQLLkJvjD5OY4/KWNZyTA/RMCMk4pwU/Jg==",
      "license": "0BSD",
      "engines": {
        "node": ">=22.16.0"
      }
    },
    "node_modules/pacc": {
      "version": "4.41.1",
      "resolved": "https://registry.npmjs.org/pacc/-/pacc-4.41.1.tgz",
      "integrity": "sha512-ncJjW9IspE6EjVD+sGu0HJquX0fpnOlSUu9tftA+B86NvN3OBPZn/dziWYSkKliWLYcr71KFcGPAgKauUey8iA==",
      "license": "0BSD",
      "engines": {
        "node": ">=24.11.0"
      }
    },
    "node_modules/svelte": {
      "version": "5.43.14",
      "resolved": "https://registry.npmjs.org/svelte/-/svelte-5.43.14.tgz",
      "integrity": "sha512-pHeUrp1A5S6RGaXhJB7PtYjL1VVjbVrJ2EfuAoPu9/1LeoMaJa/pcdCsCSb0gS4eUHAHnhCbUDxORZyvGK6kOQ==",
      "license": "MIT",
      "peer": true,
      "dependencies": {
        "@jridgewell/remapping": "^2.3.4",
        "@jridgewell/sourcemap-codec": "^1.5.0",
        "@sveltejs/acorn-typescript": "^1.0.5",
        "@types/estree": "^1.0.5",
        "acorn": "^8.12.1",
        "aria-query": "^5.3.1",
        "axobject-query": "^4.1.0",
        "clsx": "^2.1.1",
        "esm-env": "^1.2.1",
        "esrap": "^2.1.0",
        "is-reference": "^3.0.3",
        "locate-character": "^3.0.0",
        "magic-string": "^0.30.11",
        "zimmerframe": "^1.1.2"
      },
      "engines": {
        "node": ">=18"
      }
    },
    "node_modules/svelte-command": {
      "version": "3.0.45",
      "resolved": "https://registry.npmjs.org/svelte-command/-/svelte-command-3.0.45.tgz",
      "integrity": "sha512-8we5iNMeGWoML9odAQjIz19uRYA2WYvRNK5BMvjE72BHlxQ54KXROL7KG6UmMKxAGX+EKPdk7GMCMAtJ6v2Mcg==",
      "license": "0BSD",
      "optionalDependencies": {
        "mf-hosting-cloudflare": "^1.0.8",
        "mf-hosting-frontend": "^3.9.7"
      },
      "peerDependencies": {
        "svelte": "^5.43.0"
      }
    },
    "node_modules/svelte-common": {
      "version": "6.19.33",
      "resolved": "https://registry.npmjs.org/svelte-common/-/svelte-common-6.19.33.tgz",
      "integrity": "sha512-Kt30qpMYoJI5jtun24LE8rWH6iDn3MaciyvdIa73q7IwjatglsnUJ23I7jrz2FrbQKsvSYoNxgLDcUzLOqTOkw==",
      "license": "0BSD",
      "dependencies": {
        "pacc": "^4.8.0",
        "svelte-command": "^3.0.39",
        "svelte-entitlement": "^2.0.48"
      },
      "optionalDependencies": {
        "mf-hosting-cloudflare": "^1.0.8",
        "mf-hosting-frontend": "^3.9.5"
      },
      "peerDependencies": {
        "svelte": "^5.38.0"
      }
    },
    "node_modules/svelte-dnd-action": {
      "version": "0.9.67",
      "resolved": "https://registry.npmjs.org/svelte-dnd-action/-/svelte-dnd-action-0.9.67.tgz",
      "integrity": "sha512-yEJQZ9SFy3O4mnOdtjwWyotRsWRktNf4W8k67zgiLiMtMNQnwCyJHBjkGMgZMDh8EGZ4gr88l+GebBWoHDwo+g==",
      "license": "MIT",
      "peerDependencies": {
        "svelte": ">=3.23.0 || ^5.0.0-next.0"
      }
    },
    "node_modules/svelte-entitlement": {
      "version": "2.0.54",
      "resolved": "https://registry.npmjs.org/svelte-entitlement/-/svelte-entitlement-2.0.54.tgz",
      "integrity": "sha512-Ya1Lx77Lux/CNfdk8XOLnpt2pr7NE1xuMaK20hg6kDLX/2jy0eNIKzgpKGgYry9Ej26jPSsAmJZold3oCe4/Cg==",
      "license": "0BSD",
      "dependencies": {
        "svelte-dnd-action": "^0.9.66"
      },
      "optionalDependencies": {
        "mf-hosting-cloudflare": "^1.0.8",
        "mf-hosting-frontend": "^3.9.7"
      },
      "peerDependencies": {
        "svelte": "^5.43.0"
      }
    },
    "node_modules/svelte-guard-history-router": {
      "version": "6.1.2",
      "resolved": "https://registry.npmjs.org/svelte-guard-history-router/-/svelte-guard-history-router-6.1.2.tgz",
      "integrity": "sha512-L1eSxpOKXNoE9yzYH1rTKjFJ4UqjHGdNeyWzqPPI5JU6PYAAUuotrJ0qghEA/H5g+BVLGAwwrZXms/Xns4c2Jw==",
      "license": "BSD-2-Clause",
      "dependencies": {
        "multi-path-matcher": "^4.1.1",
        "svelte-dnd-action": "^0.9.47"
      },
      "optionalDependencies": {
        "mf-hosting-cloudflare": "^1.0.6",
        "mf-hosting-frontend": "^3.2.1"
      },
      "peerDependencies": {
        "svelte": "^5.0.0-next.0"
      }
    },
    "node_modules/svelte-session-manager": {
      "version": "3.0.55",
      "resolved": "https://registry.npmjs.org/svelte-session-manager/-/svelte-session-manager-3.0.55.tgz",
      "integrity": "sha512-XrLOqf1xXS1WI2LkBXzBhb37JiqV6DwexLM91MoVrCXSb5rZk140x8q079v519iH6fLOXDMmWa6Mv505zBPz6Q==",
      "license": "0BSD",
      "optionalDependencies": {
        "mf-hosting-cloudflare": "^1.0.8",
        "mf-hosting-frontend": "^3.9.7"
      },
      "peerDependencies": {
        "svelte": "^5.43.0"
      }
    },
    "node_modules/zimmerframe": {
      "version": "1.1.4",
      "resolved": "https://registry.npmjs.org/zimmerframe/-/zimmerframe-1.1.4.tgz",
      "integrity": "sha512-B58NGBEoc8Y9MWWCQGl/gq9xBCe4IiKM0a2x7GZdQKOW5Exr8S1W24J6OgM1njK8xCRGvAJIL/MxXHf6SkmQKQ==",
      "license": "MIT",
      "peer": true
    }
  }
}
